# This file is automatically @generated by Cargo.
# It is not intended for manual editing.
version = 4

[[package]]
name = "anyhow"
version = "1.0.102"
source = "registry+https://github.com/rust-lang/crates.io-index"
checksum = "7f202df86484c868dbad7eaa557ef785d5c66295e41b460ef922eca0723b842c"

[[package]]
name = "arrays"
version = "0.1.0"

[[package]]
name = "as_cast"
version = "0.1.0"

[[package]]
name = "assoc_vs_generic"
version = "0.1.0"

[[package]]
name = "async_fn"
version = "0.1.0"
dependencies = [
 "anyhow",
 "tokio",
]

[[package]]
name = "async_locks"
version = "0.1.0"
dependencies = [
 "tokio",
]

[[package]]
name = "bitflags"
version = "2.10.0"
source = "registry+https://github.com/rust-lang/crates.io-index"
checksum = "812e12b5285cc515a9c72a5c1d3b6d46a19dac5acfef5265968c166106e31dd3"

[[package]]
name = "blocking"
version = "0.1.0"
dependencies = [
 "anyhow",
 "tokio",
]

[[package]]
name = "bounded"
version = "0.1.0"
dependencies = [
 "ticket_fields",
]

[[package]]
name = "btreemap"
version = "0.1.0"
dependencies = [
 "ticket_fields",
]

[[package]]
name = "bytes"
version = "1.10.1"
source = "registry+https://github.com/rust-lang/crates.io-index"
checksum = "d71b6127be86fdcfddb610f7182ac57211d4b18a3e9c82eb2d17662f2227ad6a"

[[package]]
name = "cancellation"
version = "0.1.0"
dependencies = [
 "tokio",
]

[[package]]
name = "cfg-if"
version = "1.0.4"
source = "registry+https://github.com/rust-lang/crates.io-index"
checksum = "9330f8b2ff13f34540b44e946ef35111825727b38d33286ef986142615121801"

[[package]]
name = "channels"
version = "0.1.0"
dependencies = [
 "ticket_fields",
]

[[package]]
name = "client"
version = "0.1.0"
dependencies = [
 "ticket_fields",
]

[[package]]
name = "clone"
version = "0.1.0"

[[package]]
name = "combinators"
version = "0.1.0"
dependencies = [
 "ticket_fields",
]

[[package]]
name = "common"
version = "0.1.0"

[[package]]
name = "copy"
version = "0.1.0"

[[package]]
name = "deps"
version = "0.1.0"

[[package]]
name = "deref"
version = "0.1.0"

[[package]]
name = "derives"
version = "0.1.0"

[[package]]
name = "destructor"
version = "0.1.0"

[[package]]
name = "drop"
version = "0.1.0"

[[package]]
name = "encapsulation"
version = "0.1.0"

[[package]]
name = "enum_"
version = "0.1.0"
dependencies = [
 "common",
]

[[package]]
name = "error_enums"
version = "0.1.0"
dependencies = [
 "common",
]

[[package]]
name = "error_trait"
version = "0.1.0"
dependencies = [
 "common",
 "static_assertions",
]

[[package]]
name = "factorial"
version = "0.1.0"

[[package]]
name = "fallibility"
version = "0.1.0"
dependencies = [
 "common",
]

[[package]]
name = "for_"
version = "0.1.0"

[[package]]
name = "from"
version = "0.1.0"

[[package]]
name = "future"
version = "0.1.0"
dependencies = [
 "tokio",
]

[[package]]
name = "hashmap"
version = "0.1.0"
dependencies = [
 "ticket_fields",
]

[[package]]
name = "heap"
version = "0.1.0"

[[package]]
name = "if_else"
version = "0.1.0"

[[package]]
name = "if_let"
version = "0.1.0"

[[package]]
name = "impl_trait"
version = "0.1.0"
dependencies = [
 "ticket_fields",
]

[[package]]
name = "impl_trait_2"
version = "0.1.0"
dependencies = [
 "ticket_fields",
]

[[package]]
name = "index"
version = "0.1.0"
dependencies = [
 "ticket_fields",
]

[[package]]
name = "index_mut"
version = "0.1.0"
dependencies = [
 "ticket_fields",
]

[[package]]
name = "integers"
version = "0.1.0"

[[package]]
name = "interior_mutability"
version = "0.1.0"

[[package]]
name = "intro_01"
version = "0.1.0"

[[package]]
name = "intro_02"
version = "0.1.0"

[[package]]
name = "intro_03"
version = "0.1.0"

[[package]]
name = "intro_04"
version = "0.1.0"

[[package]]
name = "intro_05"
version = "0.1.0"

[[package]]
name = "intro_07"
version = "0.1.0"

[[package]]
name = "intro_08"
version = "0.1.0"

[[package]]
name = "iter"
version = "0.1.0"
dependencies = [
 "ticket_fields",
]

[[package]]
name = "iterators"
version = "0.1.0"
dependencies = [
 "ticket_fields",
]

[[package]]
name = "leaking"
version = "0.1.0"

[[package]]
name = "libc"
version = "0.2.186"
source = "registry+https://github.com/rust-lang/crates.io-index"
checksum = "68ab91017fe16c622486840e4c83c9a37afeff978bd239b5293d61ece587de66"

[[package]]
name = "lifetime"
version = "0.1.0"
dependencies = [
 "ticket_fields",
]

[[package]]
name = "lock_api"
version = "0.4.14"
source = "registry+https://github.com/rust-lang/crates.io-index"
checksum = "224399e74b87b5f3557511d98dff8b14089b3dadafcab6bb93eab67d3aace965"
dependencies = [
 "scopeguard",
]

[[package]]
name = "locks"
version = "0.1.0"
dependencies = [
 "thiserror",
 "ticket_fields",
]

[[package]]
name = "match_"
version = "0.1.0"

[[package]]
name = "mio"
version = "1.2.0"
source = "registry+https://github.com/rust-lang/crates.io-index"
checksum = "50b7e5b27aa02a74bac8c3f23f448f8d87ff11f92d3aac1a6ed369ee08cc56c1"
dependencies = [
 "libc",
 "wasi",
 "windows-sys",
]

[[package]]
name = "modules"
version = "0.1.0"

[[package]]
name = "mut_slice"
version = "0.1.0"

[[package]]
name = "nullability"
version = "0.1.0"
dependencies = [
 "common",
]

[[package]]
name = "orphan"
version = "0.1.0"

[[package]]
name = "outro_02"
version = "0.1.0"

[[package]]
name = "outro_03"
version = "0.1.0"

[[package]]
name = "outro_04"
version = "0.1.0"

[[package]]
name = "outro_08"
version = "0.1.0"
dependencies = [
 "tokio",
]

[[package]]
name = "overflow"
version = "0.1.0"

[[package]]
name = "overloading"
version = "0.1.0"

[[package]]
name = "ownership"
version = "0.1.0"

[[package]]
name = "packages"
version = "0.1.0"

[[package]]
name = "panics"
version = "0.1.0"

[[package]]
name = "parking_lot"
version = "0.12.5"
source = "registry+https://github.com/rust-lang/crates.io-index"
checksum = "93857453250e3077bd71ff98b6a65ea6621a19bb0f559a85248955ac12c45a1a"
dependencies = [
 "lock_api",
 "parking_lot_core",
]

[[package]]
name = "parking_lot_core"
version = "0.9.12"
source = "registry+https://github.com/rust-lang/crates.io-index"
checksum = "2621685985a2ebf1c516881c026032ac7deafcda1a2c9b7850dc81e3dfcb64c1"
dependencies = [
 "cfg-if",
 "libc",
 "redox_syscall",
 "smallvec",
 "windows-link",
]

[[package]]
name = "patch"
version = "0.1.0"
dependencies = [
 "thiserror",
 "ticket_fields",
]

[[package]]
name = "pin-project-lite"
version = "0.2.16"
source = "registry+https://github.com/rust-lang/crates.io-index"
checksum = "3b3cff922bd51709b605d9ead9aa71031d81447142d828eb4a6eba76fe619f9b"

[[package]]
name = "proc-macro2"
version = "1.0.106"
source = "registry+https://github.com/rust-lang/crates.io-index"
checksum = "8fd00f0bb2e90d81d1044c2b32617f68fcb9fa3bb7640c23e9c748e53fb30934"
dependencies = [
 "unicode-ident",
]

[[package]]
name = "quote"
version = "1.0.45"
source = "registry+https://github.com/rust-lang/crates.io-index"
checksum = "41f2619966050689382d2b44f664f4bc593e129785a36d6ee376ddf37259b924"
dependencies = [
 "proc-macro2",
]

[[package]]
name = "redox_syscall"
version = "0.5.18"
source = "registry+https://github.com/rust-lang/crates.io-index"
checksum = "ed2bf2547551a7053d6fdfafda3f938979645c44812fbfcda098faae3f1a362d"
dependencies = [
 "bitflags",
]

[[package]]
name = "references_in_memory"
version = "0.1.0"

[[package]]
name = "resizing"
version = "0.1.0"

[[package]]
name = "response"
version = "0.1.0"
dependencies = [
 "ticket_fields",
]

[[package]]
name = "runtime"
version = "0.1.0"
dependencies = [
 "anyhow",
 "tokio",
]

[[package]]
name = "rwlock"
version = "0.1.0"
dependencies = [
 "thiserror",
 "ticket_fields",
]

[[package]]
name = "saturating"
version = "0.1.0"

[[package]]
name = "scoped_threads"
version = "0.1.0"

[[package]]
name = "scopeguard"
version = "1.2.0"
source = "registry+https://github.com/rust-lang/crates.io-index"
checksum = "94143f37725109f92c262ed2cf5e59bce7498c01bcc1502d7b9afe439a4e9f49"

[[package]]
name = "setters"
version = "0.1.0"
dependencies = [
 "common",
]

[[package]]
name = "signal-hook-registry"
version = "1.4.6"
source = "registry+https://github.com/rust-lang/crates.io-index"
checksum = "b2a4719bff48cee6b39d12c020eeb490953ad2443b7055bd0b21fca26bd8c28b"
dependencies = [
 "libc",
]

[[package]]
name = "sized"
version = "0.1.0"

[[package]]
name = "slice"
version = "0.1.0"

[[package]]
name = "smallvec"
version = "1.15.1"
source = "registry+https://github.com/rust-lang/crates.io-index"
checksum = "67b1b7a3b5fe4f1376887184045fcf45c69e92af734b7aaddc05fb777b6fbd03"

[[package]]
name = "socket2"
version = "0.6.3"
source = "registry+https://github.com/rust-lang/crates.io-index"
checksum = "3a766e1110788c36f4fa1c2b71b387a7815aa65f88ce0229841826633d93723e"
dependencies = [
 "libc",
 "windows-sys",
]

[[package]]
name = "source"
version = "0.1.0"
dependencies = [
 "common",
 "thiserror",
]

[[package]]
name = "spawn"
version = "0.1.0"
dependencies = [
 "anyhow",
 "tokio",
]

[[package]]
name = "stack"
version = "0.1.0"

[[package]]
name = "static"
version = "0.1.0"

[[package]]
name = "static_assertions"
version = "1.1.0"
source = "registry+https://github.com/rust-lang/crates.io-index"
checksum = "a2eb9349b6444b326872e140eb1cf5e7c522154d69e7a0ffb0fb81c06b37543f"

[[package]]
name = "str_slice"
version = "0.1.0"
dependencies = [
 "common",
]

[[package]]
name = "struct_"
version = "0.1.0"

[[package]]
name = "syn"
version = "2.0.117"
source = "registry+https://github.com/rust-lang/crates.io-index"
checksum = "e665b8803e7b1d2a727f4023456bbbbe74da67099c585258af0ad9c5013b9b99"
dependencies = [
 "proc-macro2",
 "quote",
 "unicode-ident",
]

[[package]]
name = "sync"
version = "0.1.0"

[[package]]
name = "syntax"
version = "0.1.0"

[[package]]
name = "thiserror"
version = "1.0.69"
source = "registry+https://github.com/rust-lang/crates.io-index"
checksum = "b6aaf5339b578ea85b50e080feb250a3e8ae8cfcdff9a461c9ec2904bc923f52"
dependencies = [
 "thiserror-impl",
]

[[package]]
name = "thiserror-impl"
version = "1.0.69"
source = "registry+https://github.com/rust-lang/crates.io-index"
checksum = "4fee6c4efc90059e10f81e6d42c60a18f76588c3d74cb83a0b242a2b6c7504c1"
dependencies = [
 "proc-macro2",
 "quote",
 "syn",
]

[[package]]
name = "thiserror_"
version = "0.1.0"
dependencies = [
 "common",
]

[[package]]
name = "threads"
version = "0.1.0"

[[package]]
name = "ticket_fields"
version = "0.1.0"
dependencies = [
 "common",
 "thiserror",
]

[[package]]
name = "tokio"
version = "1.52.3"
source = "registry+https://github.com/rust-lang/crates.io-index"
checksum = "8fc7f01b389ac15039e4dc9531aa973a135d7a4135281b12d7c1bc79fd57fffe"
dependencies = [
 "bytes",
 "libc",
 "mio",
 "parking_lot",
 "pin-project-lite",
 "signal-hook-registry",
 "socket2",
 "tokio-macros",
 "windows-sys",
]

[[package]]
name = "tokio-macros"
version = "2.7.0"
source = "registry+https://github.com/rust-lang/crates.io-index"
checksum = "385a6cb71ab9ab790c5fe8d67f1645e6c450a7ce006a33de03daa956cf70a496"
dependencies = [
 "proc-macro2",
 "quote",
 "syn",
]

[[package]]
name = "trait_"
version = "0.1.0"

[[package]]
name = "trait_bounds"
version = "0.1.0"

[[package]]
name = "tryfrom"
version = "0.1.0"

[[package]]
name = "two_states"
version = "0.1.0"
dependencies = [
 "ticket_fields",
]

[[package]]
name = "unicode-ident"
version = "1.0.20"
source = "registry+https://github.com/rust-lang/crates.io-index"
checksum = "462eeb75aeb73aea900253ce739c8e18a67423fadf006037cd3ff27e82748a06"

[[package]]
name = "unwrap"
version = "0.1.0"
dependencies = [
 "common",
]

[[package]]
name = "validation"
version = "0.1.0"
dependencies = [
 "common",
]

[[package]]
name = "variables"
version = "0.1.0"

[[package]]
name = "variants_with_data"
version = "0.1.0"
dependencies = [
 "common",
]

[[package]]
name = "vec"
version = "0.1.0"

[[package]]
name = "visibility"
version = "0.1.0"

[[package]]
name = "wasi"
version = "0.11.1+wasi-snapshot-preview1"
source = "registry+https://github.com/rust-lang/crates.io-index"
checksum = "ccf3ec651a847eb01de73ccad15eb7d99f80485de043efb2f370cd654f4ea44b"

[[package]]
name = "welcome_00"
version = "0.1.0"

[[package]]
name = "while_"
version = "0.1.0"

[[package]]
name = "windows-link"
version = "0.2.1"
source = "registry+https://github.com/rust-lang/crates.io-index"
checksum = "f0805222e57f7521d6a62e36fa9163bc891acd422f971defe97d64e70d0a4fe5"

[[package]]
name = "windows-sys"
version = "0.61.2"
source = "registry+https://github.com/rust-lang/crates.io-index"
checksum = "ae137229bcbd6cdf0f7b80a31df61766145077ddf49416a728b02cb3921ff3fc"
dependencies = [
 "windows-link",
]

[[package]]
name = "without_channels"
version = "0.1.0"
dependencies = [
 "ticket_fields",
]
