# This file is automatically @generated by Cargo.
# It is not intended for manual editing.
version = 3

[[package]]
name = "arrays"
version = "0.1.0"

[[package]]
name = "as_cast"
version = "0.1.0"

[[package]]
name = "assoc_vs_generic"
version = "0.1.0"

[[package]]
name = "bounded"
version = "0.1.0"
dependencies = [
 "ticket_fields",
]

[[package]]
name = "btreemap"
version = "0.1.0"
dependencies = [
 "ticket_fields",
]

[[package]]
name = "channels"
version = "0.1.0"
dependencies = [
 "ticket_fields",
]

[[package]]
name = "client"
version = "0.1.0"
dependencies = [
 "ticket_fields",
]

[[package]]
name = "clone"
version = "0.1.0"

[[package]]
name = "combinators"
version = "0.1.0"
dependencies = [
 "ticket_fields",
]

[[package]]
name = "common"
version = "0.1.0"

[[package]]
name = "copy"
version = "0.1.0"

[[package]]
name = "deps"
version = "0.1.0"

[[package]]
name = "deref"
version = "0.1.0"

[[package]]
name = "derives"
version = "0.1.0"

[[package]]
name = "destructor"
version = "0.1.0"

[[package]]
name = "drop"
version = "0.1.0"

[[package]]
name = "encapsulation"
version = "0.1.0"

[[package]]
name = "enum_"
version = "0.1.0"
dependencies = [
 "common",
]

[[package]]
name = "error_enums"
version = "0.1.0"
dependencies = [
 "common",
]

[[package]]
name = "error_trait"
version = "0.1.0"
dependencies = [
 "common",
 "static_assertions",
]

[[package]]
name = "factorial"
version = "0.1.0"

[[package]]
name = "fallibility"
version = "0.1.0"
dependencies = [
 "common",
]

[[package]]
name = "for_"
version = "0.1.0"

[[package]]
name = "from"
version = "0.1.0"

[[package]]
name = "hashmap"
version = "0.1.0"
dependencies = [
 "ticket_fields",
]

[[package]]
name = "heap"
version = "0.1.0"

[[package]]
name = "if_else"
version = "0.1.0"

[[package]]
name = "if_let"
version = "0.1.0"

[[package]]
name = "impl_trait"
version = "0.1.0"
dependencies = [
 "ticket_fields",
]

[[package]]
name = "impl_trait_2"
version = "0.1.0"
dependencies = [
 "ticket_fields",
]

[[package]]
name = "index"
version = "0.1.0"
dependencies = [
 "ticket_fields",
]

[[package]]
name = "index_mut"
version = "0.1.0"
dependencies = [
 "ticket_fields",
]

[[package]]
name = "integers"
version = "0.1.0"

[[package]]
name = "interior_mutability"
version = "0.1.0"

[[package]]
name = "intro_01"
version = "0.1.0"

[[package]]
name = "intro_02"
version = "0.1.0"

[[package]]
name = "intro_03"
version = "0.1.0"

[[package]]
name = "intro_04"
version = "0.1.0"

[[package]]
name = "intro_05"
version = "0.1.0"

[[package]]
name = "intro_06"
version = "0.1.0"

[[package]]
name = "iter"
version = "0.1.0"
dependencies = [
 "ticket_fields",
]

[[package]]
name = "iterators"
version = "0.1.0"
dependencies = [
 "ticket_fields",
]

[[package]]
name = "leaking"
version = "0.1.0"

[[package]]
name = "lifetime"
version = "0.1.0"
dependencies = [
 "ticket_fields",
]

[[package]]
name = "locks"
version = "0.1.0"
dependencies = [
 "ticket_fields",
]

[[package]]
name = "match_"
version = "0.1.0"

[[package]]
name = "modules"
version = "0.1.0"

[[package]]
name = "mut_slice"
version = "0.1.0"

[[package]]
name = "nullability"
version = "0.1.0"
dependencies = [
 "common",
]

[[package]]
name = "orphan"
version = "0.1.0"

[[package]]
name = "outro_02"
version = "0.1.0"

[[package]]
name = "outro_03"
version = "0.1.0"

[[package]]
name = "outro_04"
version = "0.1.0"

[[package]]
name = "overflow"
version = "0.1.0"

[[package]]
name = "overloading"
version = "0.1.0"

[[package]]
name = "ownership"
version = "0.1.0"

[[package]]
name = "packages"
version = "0.1.0"

[[package]]
name = "panics"
version = "0.1.0"

[[package]]
name = "patch"
version = "0.1.0"
dependencies = [
 "ticket_fields",
]

[[package]]
name = "proc-macro2"
version = "1.0.81"
source = "registry+https://github.com/rust-lang/crates.io-index"
checksum = "3d1597b0c024618f09a9c3b8655b7e430397a36d23fdafec26d6965e9eec3eba"
dependencies = [
 "unicode-ident",
]

[[package]]
name = "quote"
version = "1.0.36"
source = "registry+https://github.com/rust-lang/crates.io-index"
checksum = "0fa76aaf39101c457836aec0ce2316dbdc3ab723cdda1c6bd4e6ad4208acaca7"
dependencies = [
 "proc-macro2",
]

[[package]]
name = "references_in_memory"
version = "0.1.0"

[[package]]
name = "resizing"
version = "0.1.0"

[[package]]
name = "response"
version = "0.1.0"
dependencies = [
 "ticket_fields",
]

[[package]]
name = "rwlock"
version = "0.1.0"
dependencies = [
 "ticket_fields",
]

[[package]]
name = "saturating"
version = "0.1.0"

[[package]]
name = "scoped_threads"
version = "0.1.0"

[[package]]
name = "setters"
version = "0.1.0"
dependencies = [
 "common",
]

[[package]]
name = "sized"
version = "0.1.0"

[[package]]
name = "slice"
version = "0.1.0"

[[package]]
name = "source"
version = "0.1.0"
dependencies = [
 "common",
 "thiserror",
]

[[package]]
name = "stack"
version = "0.1.0"

[[package]]
name = "static"
version = "0.1.0"

[[package]]
name = "static_assertions"
version = "1.1.0"
source = "registry+https://github.com/rust-lang/crates.io-index"
checksum = "a2eb9349b6444b326872e140eb1cf5e7c522154d69e7a0ffb0fb81c06b37543f"

[[package]]
name = "str_slice"
version = "0.1.0"
dependencies = [
 "common",
]

[[package]]
name = "struct_"
version = "0.1.0"

[[package]]
name = "syn"
version = "2.0.60"
source = "registry+https://github.com/rust-lang/crates.io-index"
checksum = "909518bc7b1c9b779f1bbf07f2929d35af9f0f37e47c6e9ef7f9dddc1e1821f3"
dependencies = [
 "proc-macro2",
 "quote",
 "unicode-ident",
]

[[package]]
name = "sync"
version = "0.1.0"

[[package]]
name = "syntax"
version = "0.1.0"

[[package]]
name = "thiserror"
version = "1.0.59"
source = "registry+https://github.com/rust-lang/crates.io-index"
checksum = "f0126ad08bff79f29fc3ae6a55cc72352056dfff61e3ff8bb7129476d44b23aa"
dependencies = [
 "thiserror-impl",
]

[[package]]
name = "thiserror-impl"
version = "1.0.59"
source = "registry+https://github.com/rust-lang/crates.io-index"
checksum = "d1cd413b5d558b4c5bf3680e324a6fa5014e7b7c067a51e69dbdf47eb7148b66"
dependencies = [
 "proc-macro2",
 "quote",
 "syn",
]

[[package]]
name = "thiserror_"
version = "0.1.0"
dependencies = [
 "common",
]

[[package]]
name = "threads"
version = "0.1.0"

[[package]]
name = "ticket_fields"
version = "0.1.0"
dependencies = [
 "common",
 "thiserror",
]

[[package]]
name = "trait_"
version = "0.1.0"

[[package]]
name = "tryfrom"
version = "0.1.0"

[[package]]
name = "two_states"
version = "0.1.0"
dependencies = [
 "ticket_fields",
]

[[package]]
name = "unicode-ident"
version = "1.0.12"
source = "registry+https://github.com/rust-lang/crates.io-index"
checksum = "3354b9ac3fae1ff6755cb6db53683adb661634f67557942dea4facebec0fee4b"

[[package]]
name = "unwrap"
version = "0.1.0"
dependencies = [
 "common",
]

[[package]]
name = "validation"
version = "0.1.0"
dependencies = [
 "common",
]

[[package]]
name = "variables"
version = "0.1.0"

[[package]]
name = "variants_with_data"
version = "0.1.0"
dependencies = [
 "common",
]

[[package]]
name = "vec"
version = "0.1.0"

[[package]]
name = "visibility"
version = "0.1.0"

[[package]]
name = "welcome_00"
version = "0.1.0"

[[package]]
name = "while_"
version = "0.1.0"

[[package]]
name = "without_channels"
version = "0.1.0"
dependencies = [
 "ticket_fields",
]
